
Microsoft Visual Studio Solution File, Format Version 12.00
# Visual Studio 15
VisualStudioVersion = 15.0.27703.2047
MinimumVisualStudioVersion = 10.0.40219.1
Project("{FAE04EC0-301F-11D3-BF4B-00C04F79EFBC}") = "esc", "esc\esc.csproj", "{87FC7EDE-4DAE-4F00-AC77-9C40803E8248}"
EndProject
Global
	GlobalSection(SolutionConfigurationPlatforms) = preSolution
		Debug|Any CPU = Debug|Any CPU
		Release|Any CPU = Release|Any CPU
	EndGlobalSection
	GlobalSection(ProjectConfigurationPlatforms) = postSolution
		{87FC7EDE-4DAE-4F00-AC77-9C40803E8248}.Debug|Any CPU.ActiveCfg = Debug|Any CPU
		{87FC7EDE-4DAE-4F00-AC77-9C40803E8248}.Debug|Any CPU.Build.0 = Debug|Any CPU
		{87FC7EDE-4DAE-4F00-AC77-9C40803E8248}.Release|Any CPU.ActiveCfg = Release|Any CPU
		{87FC7EDE-4DAE-4F00-AC77-9C40803E8248}.Release|Any CPU.Build.0 = Release|Any CPU
	EndGlobalSection
	GlobalSection(SolutionProperties) = preSolution
		HideSolutionNode = FALSE
	EndGlobalSection
	GlobalSection(ExtensibilityGlobals) = postSolution
		SolutionGuid = {EA8BF5E8-B9D3-4B7C-93E6-58DCF4B60CB1}
	EndGlobalSection
EndGlobal
